<?xml version="1.0" encoding="utf-8"?>
<Project ToolsVersion="4.0" xmlns="http://schemas.microsoft.com/developer/msbuild/2003">
  <ItemGroup>
    <Filter Include="Source Files">
      <UniqueIdentifier>{4FC737F1-C7A5-4376-A066-2A32D752A2FF}</UniqueIdentifier>
      <Extensions>cpp;c;cc;cxx;c++;cppm;ixx;def;odl;idl;hpj;bat;asm;asmx</Extensions>
    </Filter>
    <Filter Include="Header Files">
      <UniqueIdentifier>{93995380-89BD-4b04-88EB-625FBE52EBFB}</UniqueIdentifier>
      <Extensions>h;hh;hpp;hxx;h++;hm;inl;inc;ipp;xsd</Extensions>
    </Filter>
    <Filter Include="Resource Files">
      <UniqueIdentifier>{67DA6AB6-F800-4c08-8B7A-83BB121AAD01}</UniqueIdentifier>
      <Extensions>rc;ico;cur;bmp;dlg;rc2;rct;bin;rgs;gif;jpg;jpeg;jpe;resx;tiff;tif;png;wav;mfcribbon-ms</Extensions>
    </Filter>
    <Filter Include="Header Files\Analysis">
      <UniqueIdentifier>{20ea582c-f0b2-400d-9180-465103104c8c}</UniqueIdentifier>
    </Filter>
    <Filter Include="Source Files\Analysis">
      <UniqueIdentifier>{9d2ae092-ec43-441f-8832-74bf3467e789}</UniqueIdentifier>
    </Filter>
    <Filter Include="Source Files\Build">
      <UniqueIdentifier>{918eb5ba-9b1b-4401-9a61-3bef4fd17f57}</UniqueIdentifier>
    </Filter>
    <Filter Include="Header Files\Build">
      <UniqueIdentifier>{a0c7136b-1240-4609-a3d7-7b4189b1f8dc}</UniqueIdentifier>
    </Filter>
  </ItemGroup>
  <ItemGroup>
    <ClInclude Include="LittleIntern.h">
      <Filter>Header Files</Filter>
    </ClInclude>
    <ClInclude Include="LittleCode.h">
      <Filter>Header Files</Filter>
    </ClInclude>
    <ClInclude Include="LittleCompiler.h">
      <Filter>Header Files</Filter>
    </ClInclude>
    <ClInclude Include="Dependency.h">
      <Filter>Header Files\Analysis</Filter>
    </ClInclude>
    <ClInclude Include="FunctionWrangler.h">
      <Filter>Header Files\Analysis</Filter>
    </ClInclude>
    <ClInclude Include="Frogger.h">
      <Filter>Header Files\Analysis</Filter>
    </ClInclude>
    <ClInclude Include="Scope.h">
      <Filter>Header Files\Build</Filter>
    </ClInclude>
    <ClInclude Include="JumpMark.h">
      <Filter>Header Files\Build</Filter>
    </ClInclude>
    <ClInclude Include="Expression.h">
      <Filter>Header Files\Build</Filter>
    </ClInclude>
  </ItemGroup>
  <ItemGroup>
    <ClCompile Include="LittleIntern.cpp">
      <Filter>Source Files</Filter>
    </ClCompile>
    <ClCompile Include="LittleCode.cpp">
      <Filter>Source Files</Filter>
    </ClCompile>
    <ClCompile Include="LittleCompiler.cpp">
      <Filter>Source Files</Filter>
    </ClCompile>
    <ClCompile Include="Dependency.cpp">
      <Filter>Source Files\Analysis</Filter>
    </ClCompile>
    <ClCompile Include="FunctionWrangler.cpp">
      <Filter>Source Files\Analysis</Filter>
    </ClCompile>
    <ClCompile Include="Frogger.cpp">
      <Filter>Source Files\Analysis</Filter>
    </ClCompile>
    <ClCompile Include="Scope.cpp">
      <Filter>Source Files\Build</Filter>
    </ClCompile>
    <ClCompile Include="JumpMark.cpp">
      <Filter>Source Files\Build</Filter>
    </ClCompile>
    <ClCompile Include="Expression.cpp">
      <Filter>Source Files\Build</Filter>
    </ClCompile>
  </ItemGroup>
</Project>